
Microsoft Visual Studio Solution File, Format Version 12.00
# Visual Studio Version 17
VisualStudioVersion = 17.3.32929.385
MinimumVisualStudioVersion = 10.0.40219.1
Project("{8BC9CEB8-8B4A-11D0-8D11-00A0C91BC942}") = "test", "test.vcxproj", "{12D72779-A502-402D-AF5B-2551FF067A38}"
EndProject
Global
	GlobalSection(SolutionConfigurationPlatforms) = preSolution
		Debug|x64 = Debug|x64
		Debug|x86 = Debug|x86
		Release|x64 = Release|x64
		Release|x86 = Release|x86
	EndGlobalSection
	GlobalSection(ProjectConfigurationPlatforms) = postSolution
		{12D72779-A502-402D-AF5B-2551FF067A38}.Debug|x64.ActiveCfg = Debug|x64
		{12D72779-A502-402D-AF5B-2551FF067A38}.Debug|x64.Build.0 = Debug|x64
		{12D72779-A502-402D-AF5B-2551FF067A38}.Debug|x86.ActiveCfg = Debug|Win32
		{12D72779-A502-402D-AF5B-2551FF067A38}.Debug|x86.Build.0 = Debug|Win32
		{12D72779-A502-402D-AF5B-2551FF067A38}.Release|x64.ActiveCfg = Release|x64
		{12D72779-A502-402D-AF5B-2551FF067A38}.Release|x64.Build.0 = Release|x64
		{12D72779-A502-402D-AF5B-2551FF067A38}.Release|x86.ActiveCfg = Release|Win32
		{12D72779-A502-402D-AF5B-2551FF067A38}.Release|x86.Build.0 = Release|Win32
	EndGlobalSection
	GlobalSection(SolutionProperties) = preSolution
		HideSolutionNode = FALSE
	EndGlobalSection
	GlobalSection(ExtensibilityGlobals) = postSolution
		SolutionGuid = {48F8F16F-B6CD-47EB-BB3A-C347E1555452}
	EndGlobalSection
EndGlobal
